
Microsoft Visual Studio Solution File, Format Version 12.00
# Visual Studio Version 16
VisualStudioVersion = 16.0.29411.108
MinimumVisualStudioVersion = 10.0.40219.1
Project("{8BC9CEB8-8B4A-11D0-8D11-00A0C91BC942}") = "ООП_2", "ООП_2\ООП_2.vcxproj", "{735E53A0-F624-4F67-A53A-FD6684B8BF30}"
EndProject
Global
	GlobalSection(SolutionConfigurationPlatforms) = preSolution
		Debug|x64 = Debug|x64
		Debug|x86 = Debug|x86
		Release|x64 = Release|x64
		Release|x86 = Release|x86
	EndGlobalSection
	GlobalSection(ProjectConfigurationPlatforms) = postSolution
		{735E53A0-F624-4F67-A53A-FD6684B8BF30}.Debug|x64.ActiveCfg = Debug|x64
		{735E53A0-F624-4F67-A53A-FD6684B8BF30}.Debug|x64.Build.0 = Debug|x64
		{735E53A0-F624-4F67-A53A-FD6684B8BF30}.Debug|x86.ActiveCfg = Debug|Win32
		{735E53A0-F624-4F67-A53A-FD6684B8BF30}.Debug|x86.Build.0 = Debug|Win32
		{735E53A0-F624-4F67-A53A-FD6684B8BF30}.Release|x64.ActiveCfg = Release|x64
		{735E53A0-F624-4F67-A53A-FD6684B8BF30}.Release|x64.Build.0 = Release|x64
		{735E53A0-F624-4F67-A53A-FD6684B8BF30}.Release|x86.ActiveCfg = Release|Win32
		{735E53A0-F624-4F67-A53A-FD6684B8BF30}.Release|x86.Build.0 = Release|Win32
	EndGlobalSection
	GlobalSection(SolutionProperties) = preSolution
		HideSolutionNode = FALSE
	EndGlobalSection
	GlobalSection(ExtensibilityGlobals) = postSolution
		SolutionGuid = {C55C9E98-666B-4F39-95A6-67202E93033B}
	EndGlobalSection
EndGlobal
